
Microsoft Visual Studio Solution File, Format Version 12.00
# Visual Studio Version 17
VisualStudioVersion = 17.1.32210.238
MinimumVisualStudioVersion = 10.0.40219.1
Project("{FAE04EC0-301F-11D3-BF4B-00C04F79EFBC}") = "modul8_1302204081", "modul8_1302204081\modul8_1302204081.csproj", "{010AADBD-BE54-4664-9C24-12B2BF9D6CE1}"
EndProject
Global
	GlobalSection(SolutionConfigurationPlatforms) = preSolution
		Debug|Any CPU = Debug|Any CPU
		Release|Any CPU = Release|Any CPU
	EndGlobalSection
	GlobalSection(ProjectConfigurationPlatforms) = postSolution
		{010AADBD-BE54-4664-9C24-12B2BF9D6CE1}.Debug|Any CPU.ActiveCfg = Debug|Any CPU
		{010AADBD-BE54-4664-9C24-12B2BF9D6CE1}.Debug|Any CPU.Build.0 = Debug|Any CPU
		{010AADBD-BE54-4664-9C24-12B2BF9D6CE1}.Release|Any CPU.ActiveCfg = Release|Any CPU
		{010AADBD-BE54-4664-9C24-12B2BF9D6CE1}.Release|Any CPU.Build.0 = Release|Any CPU
	EndGlobalSection
	GlobalSection(SolutionProperties) = preSolution
		HideSolutionNode = FALSE
	EndGlobalSection
	GlobalSection(ExtensibilityGlobals) = postSolution
		SolutionGuid = {54D700E1-6160-4EE3-A0B3-B084ED3070F0}
	EndGlobalSection
EndGlobal
